
Microsoft Visual Studio Solution File, Format Version 12.00
# Visual Studio Version 17
VisualStudioVersion = 17.13.35825.156 d17.13
MinimumVisualStudioVersion = 10.0.40219.1
Project("{FAE04EC0-301F-11D3-BF4B-00C04F79EFBC}") = "Backend", "Backend\Backend.csproj", "{3A7A3677-813A-404C-9637-7087A257C50A}"
EndProject
Global
	GlobalSection(SolutionConfigurationPlatforms) = preSolution
		Debug|Any CPU = Debug|Any CPU
		Release|Any CPU = Release|Any CPU
	EndGlobalSection
	GlobalSection(ProjectConfigurationPlatforms) = postSolution
		{3A7A3677-813A-404C-9637-7087A257C50A}.Debug|Any CPU.ActiveCfg = Debug|Any CPU
		{3A7A3677-813A-404C-9637-7087A257C50A}.Debug|Any CPU.Build.0 = Debug|Any CPU
		{3A7A3677-813A-404C-9637-7087A257C50A}.Release|Any CPU.ActiveCfg = Release|Any CPU
		{3A7A3677-813A-404C-9637-7087A257C50A}.Release|Any CPU.Build.0 = Release|Any CPU
	EndGlobalSection
	GlobalSection(SolutionProperties) = preSolution
		HideSolutionNode = FALSE
	EndGlobalSection
	GlobalSection(ExtensibilityGlobals) = postSolution
		SolutionGuid = {C09311A7-7114-442E-97EC-8378E0C997C2}
	EndGlobalSection
EndGlobal
